# This file is automatically @generated by Cargo.
# It is not intended for manual editing.
version = 3

[[package]]
name = "atomic-option"
version = "0.1.2"
source = "registry+https://github.com/rust-lang/crates.io-index"
checksum = "0db678acb667b525ac40a324fc5f7d3390e29239b31c7327bb8157f5b4fff593"

[[package]]
name = "concurrent_skiplist"
version = "0.1.0"
dependencies = [
 "atomic-option",
]
